// !$*UTF8*$!
{
	archiveVersion = 1;
	classes = {
	};
	objectVersion = 55;
	objects = {

/* Begin PBXBuildFile section */
		27B45D14279461D100C6701D /* AppDelegate.swift in Sources */ = {isa = PBXBuildFile; fileRef = 27B45D13279461D100C6701D /* AppDelegate.swift */; };
		27B45D16279461D100C6701D /* SceneDelegate.swift in Sources */ = {isa = PBXBuildFile; fileRef = 27B45D15279461D100C6701D /* SceneDelegate.swift */; };
		27B45D18279461D100C6701D /* ViewController.swift in Sources */ = {isa = PBXBuildFile; fileRef = 27B45D17279461D100C6701D /* ViewController.swift */; };
		27B45D1B279461D100C6701D /* Main.storyboard in Resources */ = {isa = PBXBuildFile; fileRef = 27B45D19279461D100C6701D /* Main.storyboard */; };
		27B45D1D279461D300C6701D /* Assets.xcassets in Resources */ = {isa = PBXBuildFile; fileRef = 27B45D1C279461D300C6701D /* Assets.xcassets */; };
		27B45D20279461D300C6701D /* LaunchScreen.storyboard in Resources */ = {isa = PBXBuildFile; fileRef = 27B45D1E279461D300C6701D /* LaunchScreen.storyboard */; };
		27B45D2B279461D300C6701D /* pop_aqua_uikitTests.swift in Sources */ = {isa = PBXBuildFile; fileRef = 27B45D2A279461D300C6701D /* pop_aqua_uikitTests.swift */; };
		27B45D35279461D300C6701D /* pop_aqua_uikitUITests.swift in Sources */ = {isa = PBXBuildFile; fileRef = 27B45D34279461D300C6701D /* pop_aqua_uikitUITests.swift */; };
		27B45D37279461D300C6701D /* pop_aqua_uikitUITestsLaunchTests.swift in Sources */ = {isa = PBXBuildFile; fileRef = 27B45D36279461D300C6701D /* pop_aqua_uikitUITestsLaunchTests.swift */; };
/* End PBXBuildFile section */

/* Begin PBXContainerItemProxy section */
		27B45D27279461D300C6701D /* PBXContainerItemProxy */ = {
			isa = PBXContainerItemProxy;
			containerPortal = 27B45D08279461D100C6701D /* Project object */;
			proxyType = 1;
			remoteGlobalIDString = 27B45D0F279461D100C6701D;
			remoteInfo = pop_aqua_uikit;
		};
		27B45D31279461D300C6701D /* PBXContainerItemProxy */ = {
			isa = PBXContainerItemProxy;
			containerPortal = 27B45D08279461D100C6701D /* Project object */;
			proxyType = 1;
			remoteGlobalIDString = 27B45D0F279461D100C6701D;
			remoteInfo = pop_aqua_uikit;
		};
/* End PBXContainerItemProxy section */

/* Begin PBXFileReference section */
		27B45D10279461D100C6701D /* pop_aqua_uikit.app */ = {isa = PBXFileReference; explicitFileType = wrapper.application; includeInIndex = 0; path = pop_aqua_uikit.app; sourceTree = BUILT_PRODUCTS_DIR; };
		27B45D13279461D100C6701D /* AppDelegate.swift */ = {isa = PBXFileReference; lastKnownFileType = sourcecode.swift; path = AppDelegate.swift; sourceTree = "<group>"; };
		27B45D15279461D100C6701D /* SceneDelegate.swift */ = {isa = PBXFileReference; lastKnownFileType = sourcecode.swift; path = SceneDelegate.swift; sourceTree = "<group>"; };
		27B45D17279461D100C6701D /* ViewController.swift */ = {isa = PBXFileReference; lastKnownFileType = sourcecode.swift; path = ViewController.swift; sourceTree = "<group>"; };
		27B45D1A279461D100C6701D /* Base */ = {isa = PBXFileReference; lastKnownFileType = file.storyboard; name = Base; path = Base.lproj/Main.storyboard; sourceTree = "<group>"; };
		27B45D1C279461D300C6701D /* Assets.xcassets */ = {isa = PBXFileReference; lastKnownFileType = folder.assetcatalog; path = Assets.xcassets; sourceTree = "<group>"; };
		27B45D1F279461D300C6701D /* Base */ = {isa = PBXFileReference; lastKnownFileType = file.storyboard; name = Base; path = Base.lproj/LaunchScreen.storyboard; sourceTree = "<group>"; };
		27B45D21279461D300C6701D /* Info.plist */ = {isa = PBXFileReference; lastKnownFileType = text.plist.xml; path = Info.plist; sourceTree = "<group>"; };
		27B45D26279461D300C6701D /* pop_aqua_uikitTests.xctest */ = {isa = PBXFileReference; explicitFileType = wrapper.cfbundle; includeInIndex = 0; path = pop_aqua_uikitTests.xctest; sourceTree = BUILT_PRODUCTS_DIR; };
		27B45D2A279461D300C6701D /* pop_aqua_uikitTests.swift */ = {isa = PBXFileReference; lastKnownFileType = sourcecode.swift; path = pop_aqua_uikitTests.swift; sourceTree = "<group>"; };
		27B45D30279461D300C6701D /* pop_aqua_uikitUITests.xctest */ = {isa = PBXFileReference; explicitFileType = wrapper.cfbundle; includeInIndex = 0; path = pop_aqua_uikitUITests.xctest; sourceTree = BUILT_PRODUCTS_DIR; };
		27B45D34279461D300C6701D /* pop_aqua_uikitUITests.swift */ = {isa = PBXFileReference; lastKnownFileType = sourcecode.swift; path = pop_aqua_uikitUITests.swift; sourceTree = "<group>"; };
		27B45D36279461D300C6701D /* pop_aqua_uikitUITestsLaunchTests.swift */ = {isa = PBXFileReference; lastKnownFileType = sourcecode.swift; path = pop_aqua_uikitUITestsLaunchTests.swift; sourceTree = "<group>"; };
/* End PBXFileReference section */

/* Begin PBXFrameworksBuildPhase section */
		27B45D0D279461D100C6701D /* Frameworks */ = {
			isa = PBXFrameworksBuildPhase;
			buildActionMask = 2147483647;
			files = (
			);
			runOnlyForDeploymentPostprocessing = 0;
		};
		27B45D23279461D300C6701D /* Frameworks */ = {
			isa = PBXFrameworksBuildPhase;
			buildActionMask = 2147483647;
			files = (
			);
			runOnlyForDeploymentPostprocessing = 0;
		};
		27B45D2D279461D300C6701D /* Frameworks */ = {
			isa = PBXFrameworksBuildPhase;
			buildActionMask = 2147483647;
			files = (
			);
			runOnlyForDeploymentPostprocessing = 0;
		};
/* End PBXFrameworksBuildPhase section */

/* Begin PBXGroup section */
		27B45D07279461D100C6701D = {
			isa = PBXGroup;
			children = (
				27B45D12279461D100C6701D /* pop_aqua_uikit */,
				27B45D29279461D300C6701D /* pop_aqua_uikitTests */,
				27B45D33279461D300C6701D /* pop_aqua_uikitUITests */,
				27B45D11279461D100C6701D /* Products */,
			);
			sourceTree = "<group>";
		};
		27B45D11279461D100C6701D /* Products */ = {
			isa = PBXGroup;
			children = (
				27B45D10279461D100C6701D /* pop_aqua_uikit.app */,
				27B45D26279461D300C6701D /* pop_aqua_uikitTests.xctest */,
				27B45D30279461D300C6701D /* pop_aqua_uikitUITests.xctest */,
			);
			name = Products;
			sourceTree = "<group>";
		};
		27B45D12279461D100C6701D /* pop_aqua_uikit */ = {
			isa = PBXGroup;
			children = (
				27B45D13279461D100C6701D /* AppDelegate.swift */,
				27B45D15279461D100C6701D /* SceneDelegate.swift */,
				27B45D17279461D100C6701D /* ViewController.swift */,
				27B45D19279461D100C6701D /* Main.storyboard */,
				27B45D1C279461D300C6701D /* Assets.xcassets */,
				27B45D1E279461D300C6701D /* LaunchScreen.storyboard */,
				27B45D21279461D300C6701D /* Info.plist */,
			);
			path = pop_aqua_uikit;
			sourceTree = "<group>";
		};
		27B45D29279461D300C6701D /* pop_aqua_uikitTests */ = {
			isa = PBXGroup;
			children = (
				27B45D2A279461D300C6701D /* pop_aqua_uikitTests.swift */,
			);
			path = pop_aqua_uikitTests;
			sourceTree = "<group>";
		};
		27B45D33279461D300C6701D /* pop_aqua_uikitUITests */ = {
			isa = PBXGroup;
			children = (
				27B45D34279461D300C6701D /* pop_aqua_uikitUITests.swift */,
				27B45D36279461D300C6701D /* pop_aqua_uikitUITestsLaunchTests.swift */,
			);
			path = pop_aqua_uikitUITests;
			sourceTree = "<group>";
		};
/* End PBXGroup section */

/* Begin PBXNativeTarget section */
		27B45D0F279461D100C6701D /* pop_aqua_uikit */ = {
			isa = PBXNativeTarget;
			buildConfigurationList = 27B45D3A279461D300C6701D /* Build configuration list for PBXNativeTarget "pop_aqua_uikit" */;
			buildPhases = (
				27B45D0C279461D100C6701D /* Sources */,
				27B45D0D279461D100C6701D /* Frameworks */,
				27B45D0E279461D100C6701D /* Resources */,
			);
			buildRules = (
			);
			dependencies = (
			);
			name = pop_aqua_uikit;
			productName = pop_aqua_uikit;
			productReference = 27B45D10279461D100C6701D /* pop_aqua_uikit.app */;
			productType = "com.apple.product-type.application";
		};
		27B45D25279461D300C6701D /* pop_aqua_uikitTests */ = {
			isa = PBXNativeTarget;
			buildConfigurationList = 27B45D3D279461D300C6701D /* Build configuration list for PBXNativeTarget "pop_aqua_uikitTests" */;
			buildPhases = (
				27B45D22279461D300C6701D /* Sources */,
				27B45D23279461D300C6701D /* Frameworks */,
				27B45D24279461D300C6701D /* Resources */,
			);
			buildRules = (
			);
			dependencies = (
				27B45D28279461D300C6701D /* PBXTargetDependency */,
			);
			name = pop_aqua_uikitTests;
			productName = pop_aqua_uikitTests;
			productReference = 27B45D26279461D300C6701D /* pop_aqua_uikitTests.xctest */;
			productType = "com.apple.product-type.bundle.unit-test";
		};
		27B45D2F279461D300C6701D /* pop_aqua_uikitUITests */ = {
			isa = PBXNativeTarget;
			buildConfigurationList = 27B45D40279461D300C6701D /* Build configuration list for PBXNativeTarget "pop_aqua_uikitUITests" */;
			buildPhases = (
				27B45D2C279461D300C6701D /* Sources */,
				27B45D2D279461D300C6701D /* Frameworks */,
				27B45D2E279461D300C6701D /* Resources */,
			);
			buildRules = (
			);
			dependencies = (
				27B45D32279461D300C6701D /* PBXTargetDependency */,
			);
			name = pop_aqua_uikitUITests;
			productName = pop_aqua_uikitUITests;
			productReference = 27B45D30279461D300C6701D /* pop_aqua_uikitUITests.xctest */;
			productType = "com.apple.product-type.bundle.ui-testing";
		};
/* End PBXNativeTarget section */

/* Begin PBXProject section */
		27B45D08279461D100C6701D /* Project object */ = {
			isa = PBXProject;
			attributes = {
				BuildIndependentTargetsInParallel = 1;
				LastSwiftUpdateCheck = 1320;
				LastUpgradeCheck = 1320;
				TargetAttributes = {
					27B45D0F279461D100C6701D = {
						CreatedOnToolsVersion = 13.2.1;
					};
					27B45D25279461D300C6701D = {
						CreatedOnToolsVersion = 13.2.1;
						TestTargetID = 27B45D0F279461D100C6701D;
					};
					27B45D2F279461D300C6701D = {
						CreatedOnToolsVersion = 13.2.1;
						TestTargetID = 27B45D0F279461D100C6701D;
					};
				};
			};
			buildConfigurationList = 27B45D0B279461D100C6701D /* Build configuration list for PBXProject "pop_aqua_uikit" */;
			compatibilityVersion = "Xcode 13.0";
			developmentRegion = en;
			hasScannedForEncodings = 0;
			knownRegions = (
				en,
				Base,
			);
			mainGroup = 27B45D07279461D100C6701D;
			productRefGroup = 27B45D11279461D100C6701D /* Products */;
			projectDirPath = "";
			projectRoot = "";
			targets = (
				27B45D0F279461D100C6701D /* pop_aqua_uikit */,
				27B45D25279461D300C6701D /* pop_aqua_uikitTests */,
				27B45D2F279461D300C6701D /* pop_aqua_uikitUITests */,
			);
		};
/* End PBXProject section */

/* Begin PBXResourcesBuildPhase section */
		27B45D0E279461D100C6701D /* Resources */ = {
			isa = PBXResourcesBuildPhase;
			buildActionMask = 2147483647;
			files = (
				27B45D20279461D300C6701D /* LaunchScreen.storyboard in Resources */,
				27B45D1D279461D300C6701D /* Assets.xcassets in Resources */,
				27B45D1B279461D100C6701D /* Main.storyboard in Resources */,
			);
			runOnlyForDeploymentPostprocessing = 0;
		};
		27B45D24279461D300C6701D /* Resources */ = {
			isa = PBXResourcesBuildPhase;
			buildActionMask = 2147483647;
			files = (
			);
			runOnlyForDeploymentPostprocessing = 0;
		};
		27B45D2E279461D300C6701D /* Resources */ = {
			isa = PBXResourcesBuildPhase;
			buildActionMask = 2147483647;
			files = (
			);
			runOnlyForDeploymentPostprocessing = 0;
		};
/* End PBXResourcesBuildPhase section */

/* Begin PBXSourcesBuildPhase section */
		27B45D0C279461D100C6701D /* Sources */ = {
			isa = PBXSourcesBuildPhase;
			buildActionMask = 2147483647;
			files = (
				27B45D18279461D100C6701D /* ViewController.swift in Sources */,
				27B45D14279461D100C6701D /* AppDelegate.swift in Sources */,
				27B45D16279461D100C6701D /* SceneDelegate.swift in Sources */,
			);
			runOnlyForDeploymentPostprocessing = 0;
		};
		27B45D22279461D300C6701D /* Sources */ = {
			isa = PBXSourcesBuildPhase;
			buildActionMask = 2147483647;
			files = (
				27B45D2B279461D300C6701D /* pop_aqua_uikitTests.swift in Sources */,
			);
			runOnlyForDeploymentPostprocessing = 0;
		};
		27B45D2C279461D300C6701D /* Sources */ = {
			isa = PBXSourcesBuildPhase;
			buildActionMask = 2147483647;
			files = (
				27B45D35279461D300C6701D /* pop_aqua_uikitUITests.swift in Sources */,
				27B45D37279461D300C6701D /* pop_aqua_uikitUITestsLaunchTests.swift in Sources */,
			);
			runOnlyForDeploymentPostprocessing = 0;
		};
/* End PBXSourcesBuildPhase section */

/* Begin PBXTargetDependency section */
		27B45D28279461D300C6701D /* PBXTargetDependency */ = {
			isa = PBXTargetDependency;
			target = 27B45D0F279461D100C6701D /* pop_aqua_uikit */;
			targetProxy = 27B45D27279461D300C6701D /* PBXContainerItemProxy */;
		};
		27B45D32279461D300C6701D /* PBXTargetDependency */ = {
			isa = PBXTargetDependency;
			target = 27B45D0F279461D100C6701D /* pop_aqua_uikit */;
			targetProxy = 27B45D31279461D300C6701D /* PBXContainerItemProxy */;
		};
/* End PBXTargetDependency section */

/* Begin PBXVariantGroup section */
		27B45D19279461D100C6701D /* Main.storyboard */ = {
			isa = PBXVariantGroup;
			children = (
				27B45D1A279461D100C6701D /* Base */,
			);
			name = Main.storyboard;
			sourceTree = "<group>";
		};
		27B45D1E279461D300C6701D /* LaunchScreen.storyboard */ = {
			isa = PBXVariantGroup;
			children = (
				27B45D1F279461D300C6701D /* Base */,
			);
			name = LaunchScreen.storyboard;
			sourceTree = "<group>";
		};
/* End PBXVariantGroup section */

/* Begin XCBuildConfiguration section */
		27B45D38279461D300C6701D /* Debug */ = {
			isa = XCBuildConfiguration;
			buildSettings = {
				ALWAYS_SEARCH_USER_PATHS = NO;
				CLANG_ANALYZER_NONNULL = YES;
				CLANG_ANALYZER_NUMBER_OBJECT_CONVERSION = YES_AGGRESSIVE;
				CLANG_CXX_LANGUAGE_STANDARD = "gnu++17";
				CLANG_CXX_LIBRARY = "libc++";
				CLANG_ENABLE_MODULES = YES;
				CLANG_ENABLE_OBJC_ARC = YES;
				CLANG_ENABLE_OBJC_WEAK = YES;
				CLANG_WARN_BLOCK_CAPTURE_AUTORELEASING = YES;
				CLANG_WARN_BOOL_CONVERSION = YES;
				CLANG_WARN_COMMA = YES;
				CLANG_WARN_CONSTANT_CONVERSION = YES;
				CLANG_WARN_DEPRECATED_OBJC_IMPLEMENTATIONS = YES;
				CLANG_WARN_DIRECT_OBJC_ISA_USAGE = YES_ERROR;
				CLANG_WARN_DOCUMENTATION_COMMENTS = YES;
				CLANG_WARN_EMPTY_BODY = YES;
				CLANG_WARN_ENUM_CONVERSION = YES;
				CLANG_WARN_INFINITE_RECURSION = YES;
				CLANG_WARN_INT_CONVERSION = YES;
				CLANG_WARN_NON_LITERAL_NULL_CONVERSION = YES;
				CLANG_WARN_OBJC_IMPLICIT_RETAIN_SELF = YES;
				CLANG_WARN_OBJC_LITERAL_CONVERSION = YES;
				CLANG_WARN_OBJC_ROOT_CLASS = YES_ERROR;
				CLANG_WARN_QUOTED_INCLUDE_IN_FRAMEWORK_HEADER = YES;
				CLANG_WARN_RANGE_LOOP_ANALYSIS = YES;
				CLANG_WARN_STRICT_PROTOTYPES = YES;
				CLANG_WARN_SUSPICIOUS_MOVE = YES;
				CLANG_WARN_UNGUARDED_AVAILABILITY = YES_AGGRESSIVE;
				CLANG_WARN_UNREACHABLE_CODE = YES;
				CLANG_WARN__DUPLICATE_METHOD_MATCH = YES;
				COPY_PHASE_STRIP = NO;
				DEBUG_INFORMATION_FORMAT = dwarf;
				ENABLE_STRICT_OBJC_MSGSEND = YES;
				ENABLE_TESTABILITY = YES;
				GCC_C_LANGUAGE_STANDARD = gnu11;
				GCC_DYNAMIC_NO_PIC = NO;
				GCC_NO_COMMON_BLOCKS = YES;
				GCC_OPTIMIZATION_LEVEL = 0;
				GCC_PREPROCESSOR_DEFINITIONS = (
					"DEBUG=1",
					"$(inherited)",
				);
				GCC_WARN_64_TO_32_BIT_CONVERSION = YES;
				GCC_WARN_ABOUT_RETURN_TYPE = YES_ERROR;
				GCC_WARN_UNDECLARED_SELECTOR = YES;
				GCC_WARN_UNINITIALIZED_AUTOS = YES_AGGRESSIVE;
				GCC_WARN_UNUSED_FUNCTION = YES;
				GCC_WARN_UNUSED_VARIABLE = YES;
				IPHONEOS_DEPLOYMENT_TARGET = 15.2;
				MTL_ENABLE_DEBUG_INFO = INCLUDE_SOURCE;
				MTL_FAST_MATH = YES;
				ONLY_ACTIVE_ARCH = YES;
				SDKROOT = iphoneos;
				SWIFT_ACTIVE_COMPILATION_CONDITIONS = DEBUG;
				SWIFT_OPTIMIZATION_LEVEL = "-Onone";
			};
			name = Debug;
		};
		27B45D39279461D300C6701D /* Release */ = {
			isa = XCBuildConfiguration;
			buildSettings = {
				ALWAYS_SEARCH_USER_PATHS = NO;
				CLANG_ANALYZER_NONNULL = YES;
				CLANG_ANALYZER_NUMBER_OBJECT_CONVERSION = YES_AGGRESSIVE;
				CLANG_CXX_LANGUAGE_STANDARD = "gnu++17";
				CLANG_CXX_LIBRARY = "libc++";
				CLANG_ENABLE_MODULES = YES;
				CLANG_ENABLE_OBJC_ARC = YES;
				CLANG_ENABLE_OBJC_WEAK = YES;
				CLANG_WARN_BLOCK_CAPTURE_AUTORELEASING = YES;
				CLANG_WARN_BOOL_CONVERSION = YES;
				CLANG_WARN_COMMA = YES;
				CLANG_WARN_CONSTANT_CONVERSION = YES;
				CLANG_WARN_DEPRECATED_OBJC_IMPLEMENTATIONS = YES;
				CLANG_WARN_DIRECT_OBJC_ISA_USAGE = YES_ERROR;
				CLANG_WARN_DOCUMENTATION_COMMENTS = YES;
				CLANG_WARN_EMPTY_BODY = YES;
				CLANG_WARN_ENUM_CONVERSION = YES;
				CLANG_WARN_INFINITE_RECURSION = YES;
				CLANG_WARN_INT_CONVERSION = YES;
				CLANG_WARN_NON_LITERAL_NULL_CONVERSION = YES;
				CLANG_WARN_OBJC_IMPLICIT_RETAIN_SELF = YES;
				CLANG_WARN_OBJC_LITERAL_CONVERSION = YES;
				CLANG_WARN_OBJC_ROOT_CLASS = YES_ERROR;
				CLANG_WARN_QUOTED_INCLUDE_IN_FRAMEWORK_HEADER = YES;
				CLANG_WARN_RANGE_LOOP_ANALYSIS = YES;
				CLANG_WARN_STRICT_PROTOTYPES = YES;
				CLANG_WARN_SUSPICIOUS_MOVE = YES;
				CLANG_WARN_UNGUARDED_AVAILABILITY = YES_AGGRESSIVE;
				CLANG_WARN_UNREACHABLE_CODE = YES;
				CLANG_WARN__DUPLICATE_METHOD_MATCH = YES;
				COPY_PHASE_STRIP = NO;
				DEBUG_INFORMATION_FORMAT = "dwarf-with-dsym";
				ENABLE_NS_ASSERTIONS = NO;
				ENABLE_STRICT_OBJC_MSGSEND = YES;
				GCC_C_LANGUAGE_STANDARD = gnu11;
				GCC_NO_COMMON_BLOCKS = YES;
				GCC_WARN_64_TO_32_BIT_CONVERSION = YES;
				GCC_WARN_ABOUT_RETURN_TYPE = YES_ERROR;
				GCC_WARN_UNDECLARED_SELECTOR = YES;
				GCC_WARN_UNINITIALIZED_AUTOS = YES_AGGRESSIVE;
				GCC_WARN_UNUSED_FUNCTION = YES;
				GCC_WARN_UNUSED_VARIABLE = YES;
				IPHONEOS_DEPLOYMENT_TARGET = 15.2;
				MTL_ENABLE_DEBUG_INFO = NO;
				MTL_FAST_MATH = YES;
				SDKROOT = iphoneos;
				SWIFT_COMPILATION_MODE = wholemodule;
				SWIFT_OPTIMIZATION_LEVEL = "-O";
				VALIDATE_PRODUCT = YES;
			};
			name = Release;
		};
		27B45D3B279461D300C6701D /* Debug */ = {
			isa = XCBuildConfiguration;
			buildSettings = {
				ASSETCATALOG_COMPILER_APPICON_NAME = AppIcon;
				ASSETCATALOG_COMPILER_GLOBAL_ACCENT_COLOR_NAME = AccentColor;
				CODE_SIGN_STYLE = Automatic;
				CURRENT_PROJECT_VERSION = 1;
				DEVELOPMENT_TEAM = D49K82F9RD;
				GENERATE_INFOPLIST_FILE = YES;
				INFOPLIST_FILE = pop_aqua_uikit/Info.plist;
				INFOPLIST_KEY_UIApplicationSupportsIndirectInputEvents = YES;
				INFOPLIST_KEY_UILaunchStoryboardName = LaunchScreen;
				INFOPLIST_KEY_UIMainStoryboardFile = Main;
				INFOPLIST_KEY_UISupportedInterfaceOrientations_iPad = "UIInterfaceOrientationPortrait UIInterfaceOrientationPortraitUpsideDown UIInterfaceOrientationLandscapeLeft UIInterfaceOrientationLandscapeRight";
				INFOPLIST_KEY_UISupportedInterfaceOrientations_iPhone = "UIInterfaceOrientationPortrait UIInterfaceOrientationLandscapeLeft UIInterfaceOrientationLandscapeRight";
				LD_RUNPATH_SEARCH_PATHS = (
					"$(inherited)",
					"@executable_path/Frameworks",
				);
				MARKETING_VERSION = 1.0;
				PRODUCT_BUNDLE_IDENTIFIER = "example.pop-aqua-uikit";
				PRODUCT_NAME = "$(TARGET_NAME)";
				SWIFT_EMIT_LOC_STRINGS = YES;
				SWIFT_VERSION = 5.0;
				TARGETED_DEVICE_FAMILY = "1,2";
			};
			name = Debug;
		};
		27B45D3C279461D300C6701D /* Release */ = {
			isa = XCBuildConfiguration;
			buildSettings = {
				ASSETCATALOG_COMPILER_APPICON_NAME = AppIcon;
				ASSETCATALOG_COMPILER_GLOBAL_ACCENT_COLOR_NAME = AccentColor;
				CODE_SIGN_STYLE = Automatic;
				CURRENT_PROJECT_VERSION = 1;
				DEVELOPMENT_TEAM = D49K82F9RD;
				GENERATE_INFOPLIST_FILE = YES;
				INFOPLIST_FILE = pop_aqua_uikit/Info.plist;
				INFOPLIST_KEY_UIApplicationSupportsIndirectInputEvents = YES;
				INFOPLIST_KEY_UILaunchStoryboardName = LaunchScreen;
				INFOPLIST_KEY_UIMainStoryboardFile = Main;
				INFOPLIST_KEY_UISupportedInterfaceOrientations_iPad = "UIInterfaceOrientationPortrait UIInterfaceOrientationPortraitUpsideDown UIInterfaceOrientationLandscapeLeft UIInterfaceOrientationLandscapeRight";
				INFOPLIST_KEY_UISupportedInterfaceOrientations_iPhone = "UIInterfaceOrientationPortrait UIInterfaceOrientationLandscapeLeft UIInterfaceOrientationLandscapeRight";
				LD_RUNPATH_SEARCH_PATHS = (
					"$(inherited)",
					"@executable_path/Frameworks",
				);
				MARKETING_VERSION = 1.0;
				PRODUCT_BUNDLE_IDENTIFIER = "example.pop-aqua-uikit";
				PRODUCT_NAME = "$(TARGET_NAME)";
				SWIFT_EMIT_LOC_STRINGS = YES;
				SWIFT_VERSION = 5.0;
				TARGETED_DEVICE_FAMILY = "1,2";
			};
			name = Release;
		};
		27B45D3E279461D300C6701D /* Debug */ = {
			isa = XCBuildConfiguration;
			buildSettings = {
				ALWAYS_EMBED_SWIFT_STANDARD_LIBRARIES = YES;
				BUNDLE_LOADER = "$(TEST_HOST)";
				CODE_SIGN_STYLE = Automatic;
				CURRENT_PROJECT_VERSION = 1;
				DEVELOPMENT_TEAM = D49K82F9RD;
				GENERATE_INFOPLIST_FILE = YES;
				IPHONEOS_DEPLOYMENT_TARGET = 15.2;
				MARKETING_VERSION = 1.0;
				PRODUCT_BUNDLE_IDENTIFIER = "example.pop-aqua-uikitTests";
				PRODUCT_NAME = "$(TARGET_NAME)";
				SWIFT_EMIT_LOC_STRINGS = NO;
				SWIFT_VERSION = 5.0;
				TARGETED_DEVICE_FAMILY = "1,2";
				TEST_HOST = "$(BUILT_PRODUCTS_DIR)/pop_aqua_uikit.app/pop_aqua_uikit";
			};
			name = Debug;
		};
		27B45D3F279461D300C6701D /* Release */ = {
			isa = XCBuildConfiguration;
			buildSettings = {
				ALWAYS_EMBED_SWIFT_STANDARD_LIBRARIES = YES;
				BUNDLE_LOADER = "$(TEST_HOST)";
				CODE_SIGN_STYLE = Automatic;
				CURRENT_PROJECT_VERSION = 1;
				DEVELOPMENT_TEAM = D49K82F9RD;
				GENERATE_INFOPLIST_FILE = YES;
				IPHONEOS_DEPLOYMENT_TARGET = 15.2;
				MARKETING_VERSION = 1.0;
				PRODUCT_BUNDLE_IDENTIFIER = "example.pop-aqua-uikitTests";
				PRODUCT_NAME = "$(TARGET_NAME)";
				SWIFT_EMIT_LOC_STRINGS = NO;
				SWIFT_VERSION = 5.0;
				TARGETED_DEVICE_FAMILY = "1,2";
				TEST_HOST = "$(BUILT_PRODUCTS_DIR)/pop_aqua_uikit.app/pop_aqua_uikit";
			};
			name = Release;
		};
		27B45D41279461D300C6701D /* Debug */ = {
			isa = XCBuildConfiguration;
			buildSettings = {
				ALWAYS_EMBED_SWIFT_STANDARD_LIBRARIES = YES;
				CODE_SIGN_STYLE = Automatic;
				CURRENT_PROJECT_VERSION = 1;
				DEVELOPMENT_TEAM = D49K82F9RD;
				GENERATE_INFOPLIST_FILE = YES;
				MARKETING_VERSION = 1.0;
				PRODUCT_BUNDLE_IDENTIFIER = "example.pop-aqua-uikitUITests";
				PRODUCT_NAME = "$(TARGET_NAME)";
				SWIFT_EMIT_LOC_STRINGS = NO;
				SWIFT_VERSION = 5.0;
				TARGETED_DEVICE_FAMILY = "1,2";
				TEST_TARGET_NAME = pop_aqua_uikit;
			};
			name = Debug;
		};
		27B45D42279461D300C6701D /* Release */ = {
			isa = XCBuildConfiguration;
			buildSettings = {
				ALWAYS_EMBED_SWIFT_STANDARD_LIBRARIES = YES;
				CODE_SIGN_STYLE = Automatic;
				CURRENT_PROJECT_VERSION = 1;
				DEVELOPMENT_TEAM = D49K82F9RD;
				GENERATE_INFOPLIST_FILE = YES;
				MARKETING_VERSION = 1.0;
				PRODUCT_BUNDLE_IDENTIFIER = "example.pop-aqua-uikitUITests";
				PRODUCT_NAME = "$(TARGET_NAME)";
				SWIFT_EMIT_LOC_STRINGS = NO;
				SWIFT_VERSION = 5.0;
				TARGETED_DEVICE_FAMILY = "1,2";
				TEST_TARGET_NAME = pop_aqua_uikit;
			};
			name = Release;
		};
/* End XCBuildConfiguration section */

/* Begin XCConfigurationList section */
		27B45D0B279461D100C6701D /* Build configuration list for PBXProject "pop_aqua_uikit" */ = {
			isa = XCConfigurationList;
			buildConfigurations = (
				27B45D38279461D300C6701D /* Debug */,
				27B45D39279461D300C6701D /* Release */,
			);
			defaultConfigurationIsVisible = 0;
			defaultConfigurationName = Release;
		};
		27B45D3A279461D300C6701D /* Build configuration list for PBXNativeTarget "pop_aqua_uikit" */ = {
			isa = XCConfigurationList;
			buildConfigurations = (
				27B45D3B279461D300C6701D /* Debug */,
				27B45D3C279461D300C6701D /* Release */,
			);
			defaultConfigurationIsVisible = 0;
			defaultConfigurationName = Release;
		};
		27B45D3D279461D300C6701D /* Build configuration list for PBXNativeTarget "pop_aqua_uikitTests" */ = {
			isa = XCConfigurationList;
			buildConfigurations = (
				27B45D3E279461D300C6701D /* Debug */,
				27B45D3F279461D300C6701D /* Release */,
			);
			defaultConfigurationIsVisible = 0;
			defaultConfigurationName = Release;
		};
		27B45D40279461D300C6701D /* Build configuration list for PBXNativeTarget "pop_aqua_uikitUITests" */ = {
			isa = XCConfigurationList;
			buildConfigurations = (
				27B45D41279461D300C6701D /* Debug */,
				27B45D42279461D300C6701D /* Release */,
			);
			defaultConfigurationIsVisible = 0;
			defaultConfigurationName = Release;
		};
/* End XCConfigurationList section */
	};
	rootObject = 27B45D08279461D100C6701D /* Project object */;
}
