// !$*UTF8*$!
{
	archiveVersion = 1;
	classes = {
	};
	objectVersion = 55;
	objects = {

/* Begin PBXBuildFile section */
		27B45CDE27940ED100C6701D /* pop_aquaApp.swift in Sources */ = {isa = PBXBuildFile; fileRef = 27B45CDD27940ED100C6701D /* pop_aquaApp.swift */; };
		27B45CE027940ED100C6701D /* ContentView.swift in Sources */ = {isa = PBXBuildFile; fileRef = 27B45CDF27940ED100C6701D /* ContentView.swift */; };
		27B45CE227940ED200C6701D /* Assets.xcassets in Resources */ = {isa = PBXBuildFile; fileRef = 27B45CE127940ED200C6701D /* Assets.xcassets */; };
		27B45CE527940ED200C6701D /* Preview Assets.xcassets in Resources */ = {isa = PBXBuildFile; fileRef = 27B45CE427940ED200C6701D /* Preview Assets.xcassets */; };
		27B45CEF27940ED200C6701D /* pop_aquaTests.swift in Sources */ = {isa = PBXBuildFile; fileRef = 27B45CEE27940ED200C6701D /* pop_aquaTests.swift */; };
		27B45CF927940ED300C6701D /* pop_aquaUITests.swift in Sources */ = {isa = PBXBuildFile; fileRef = 27B45CF827940ED300C6701D /* pop_aquaUITests.swift */; };
		27B45CFB27940ED300C6701D /* pop_aquaUITestsLaunchTests.swift in Sources */ = {isa = PBXBuildFile; fileRef = 27B45CFA27940ED300C6701D /* pop_aquaUITestsLaunchTests.swift */; };
/* End PBXBuildFile section */

/* Begin PBXContainerItemProxy section */
		27B45CEB27940ED200C6701D /* PBXContainerItemProxy */ = {
			isa = PBXContainerItemProxy;
			containerPortal = 27B45CD227940ED100C6701D /* Project object */;
			proxyType = 1;
			remoteGlobalIDString = 27B45CD927940ED100C6701D;
			remoteInfo = pop_aqua;
		};
		27B45CF527940ED300C6701D /* PBXContainerItemProxy */ = {
			isa = PBXContainerItemProxy;
			containerPortal = 27B45CD227940ED100C6701D /* Project object */;
			proxyType = 1;
			remoteGlobalIDString = 27B45CD927940ED100C6701D;
			remoteInfo = pop_aqua;
		};
/* End PBXContainerItemProxy section */

/* Begin PBXFileReference section */
		27B45CDA27940ED100C6701D /* pop_aqua.app */ = {isa = PBXFileReference; explicitFileType = wrapper.application; includeInIndex = 0; path = pop_aqua.app; sourceTree = BUILT_PRODUCTS_DIR; };
		27B45CDD27940ED100C6701D /* pop_aquaApp.swift */ = {isa = PBXFileReference; lastKnownFileType = sourcecode.swift; path = pop_aquaApp.swift; sourceTree = "<group>"; };
		27B45CDF27940ED100C6701D /* ContentView.swift */ = {isa = PBXFileReference; lastKnownFileType = sourcecode.swift; path = ContentView.swift; sourceTree = "<group>"; };
		27B45CE127940ED200C6701D /* Assets.xcassets */ = {isa = PBXFileReference; lastKnownFileType = folder.assetcatalog; path = Assets.xcassets; sourceTree = "<group>"; };
		27B45CE427940ED200C6701D /* Preview Assets.xcassets */ = {isa = PBXFileReference; lastKnownFileType = folder.assetcatalog; path = "Preview Assets.xcassets"; sourceTree = "<group>"; };
		27B45CEA27940ED200C6701D /* pop_aquaTests.xctest */ = {isa = PBXFileReference; explicitFileType = wrapper.cfbundle; includeInIndex = 0; path = pop_aquaTests.xctest; sourceTree = BUILT_PRODUCTS_DIR; };
		27B45CEE27940ED200C6701D /* pop_aquaTests.swift */ = {isa = PBXFileReference; lastKnownFileType = sourcecode.swift; path = pop_aquaTests.swift; sourceTree = "<group>"; };
		27B45CF427940ED300C6701D /* pop_aquaUITests.xctest */ = {isa = PBXFileReference; explicitFileType = wrapper.cfbundle; includeInIndex = 0; path = pop_aquaUITests.xctest; sourceTree = BUILT_PRODUCTS_DIR; };
		27B45CF827940ED300C6701D /* pop_aquaUITests.swift */ = {isa = PBXFileReference; lastKnownFileType = sourcecode.swift; path = pop_aquaUITests.swift; sourceTree = "<group>"; };
		27B45CFA27940ED300C6701D /* pop_aquaUITestsLaunchTests.swift */ = {isa = PBXFileReference; lastKnownFileType = sourcecode.swift; path = pop_aquaUITestsLaunchTests.swift; sourceTree = "<group>"; };
/* End PBXFileReference section */

/* Begin PBXFrameworksBuildPhase section */
		27B45CD727940ED100C6701D /* Frameworks */ = {
			isa = PBXFrameworksBuildPhase;
			buildActionMask = 2147483647;
			files = (
			);
			runOnlyForDeploymentPostprocessing = 0;
		};
		27B45CE727940ED200C6701D /* Frameworks */ = {
			isa = PBXFrameworksBuildPhase;
			buildActionMask = 2147483647;
			files = (
			);
			runOnlyForDeploymentPostprocessing = 0;
		};
		27B45CF127940ED300C6701D /* Frameworks */ = {
			isa = PBXFrameworksBuildPhase;
			buildActionMask = 2147483647;
			files = (
			);
			runOnlyForDeploymentPostprocessing = 0;
		};
/* End PBXFrameworksBuildPhase section */

/* Begin PBXGroup section */
		27B45CD127940ED100C6701D = {
			isa = PBXGroup;
			children = (
				27B45CDC27940ED100C6701D /* pop_aqua */,
				27B45CED27940ED200C6701D /* pop_aquaTests */,
				27B45CF727940ED300C6701D /* pop_aquaUITests */,
				27B45CDB27940ED100C6701D /* Products */,
			);
			sourceTree = "<group>";
		};
		27B45CDB27940ED100C6701D /* Products */ = {
			isa = PBXGroup;
			children = (
				27B45CDA27940ED100C6701D /* pop_aqua.app */,
				27B45CEA27940ED200C6701D /* pop_aquaTests.xctest */,
				27B45CF427940ED300C6701D /* pop_aquaUITests.xctest */,
			);
			name = Products;
			sourceTree = "<group>";
		};
		27B45CDC27940ED100C6701D /* pop_aqua */ = {
			isa = PBXGroup;
			children = (
				27B45CDD27940ED100C6701D /* pop_aquaApp.swift */,
				27B45CDF27940ED100C6701D /* ContentView.swift */,
				27B45CE127940ED200C6701D /* Assets.xcassets */,
				27B45CE327940ED200C6701D /* Preview Content */,
			);
			path = pop_aqua;
			sourceTree = "<group>";
		};
		27B45CE327940ED200C6701D /* Preview Content */ = {
			isa = PBXGroup;
			children = (
				27B45CE427940ED200C6701D /* Preview Assets.xcassets */,
			);
			path = "Preview Content";
			sourceTree = "<group>";
		};
		27B45CED27940ED200C6701D /* pop_aquaTests */ = {
			isa = PBXGroup;
			children = (
				27B45CEE27940ED200C6701D /* pop_aquaTests.swift */,
			);
			path = pop_aquaTests;
			sourceTree = "<group>";
		};
		27B45CF727940ED300C6701D /* pop_aquaUITests */ = {
			isa = PBXGroup;
			children = (
				27B45CF827940ED300C6701D /* pop_aquaUITests.swift */,
				27B45CFA27940ED300C6701D /* pop_aquaUITestsLaunchTests.swift */,
			);
			path = pop_aquaUITests;
			sourceTree = "<group>";
		};
/* End PBXGroup section */

/* Begin PBXNativeTarget section */
		27B45CD927940ED100C6701D /* pop_aqua */ = {
			isa = PBXNativeTarget;
			buildConfigurationList = 27B45CFE27940ED300C6701D /* Build configuration list for PBXNativeTarget "pop_aqua" */;
			buildPhases = (
				27B45CD627940ED100C6701D /* Sources */,
				27B45CD727940ED100C6701D /* Frameworks */,
				27B45CD827940ED100C6701D /* Resources */,
			);
			buildRules = (
			);
			dependencies = (
			);
			name = pop_aqua;
			productName = pop_aqua;
			productReference = 27B45CDA27940ED100C6701D /* pop_aqua.app */;
			productType = "com.apple.product-type.application";
		};
		27B45CE927940ED200C6701D /* pop_aquaTests */ = {
			isa = PBXNativeTarget;
			buildConfigurationList = 27B45D0127940ED300C6701D /* Build configuration list for PBXNativeTarget "pop_aquaTests" */;
			buildPhases = (
				27B45CE627940ED200C6701D /* Sources */,
				27B45CE727940ED200C6701D /* Frameworks */,
				27B45CE827940ED200C6701D /* Resources */,
			);
			buildRules = (
			);
			dependencies = (
				27B45CEC27940ED200C6701D /* PBXTargetDependency */,
			);
			name = pop_aquaTests;
			productName = pop_aquaTests;
			productReference = 27B45CEA27940ED200C6701D /* pop_aquaTests.xctest */;
			productType = "com.apple.product-type.bundle.unit-test";
		};
		27B45CF327940ED300C6701D /* pop_aquaUITests */ = {
			isa = PBXNativeTarget;
			buildConfigurationList = 27B45D0427940ED300C6701D /* Build configuration list for PBXNativeTarget "pop_aquaUITests" */;
			buildPhases = (
				27B45CF027940ED300C6701D /* Sources */,
				27B45CF127940ED300C6701D /* Frameworks */,
				27B45CF227940ED300C6701D /* Resources */,
			);
			buildRules = (
			);
			dependencies = (
				27B45CF627940ED300C6701D /* PBXTargetDependency */,
			);
			name = pop_aquaUITests;
			productName = pop_aquaUITests;
			productReference = 27B45CF427940ED300C6701D /* pop_aquaUITests.xctest */;
			productType = "com.apple.product-type.bundle.ui-testing";
		};
/* End PBXNativeTarget section */

/* Begin PBXProject section */
		27B45CD227940ED100C6701D /* Project object */ = {
			isa = PBXProject;
			attributes = {
				BuildIndependentTargetsInParallel = 1;
				LastSwiftUpdateCheck = 1320;
				LastUpgradeCheck = 1320;
				TargetAttributes = {
					27B45CD927940ED100C6701D = {
						CreatedOnToolsVersion = 13.2.1;
					};
					27B45CE927940ED200C6701D = {
						CreatedOnToolsVersion = 13.2.1;
						TestTargetID = 27B45CD927940ED100C6701D;
					};
					27B45CF327940ED300C6701D = {
						CreatedOnToolsVersion = 13.2.1;
						TestTargetID = 27B45CD927940ED100C6701D;
					};
				};
			};
			buildConfigurationList = 27B45CD527940ED100C6701D /* Build configuration list for PBXProject "pop_aqua" */;
			compatibilityVersion = "Xcode 13.0";
			developmentRegion = en;
			hasScannedForEncodings = 0;
			knownRegions = (
				en,
				Base,
			);
			mainGroup = 27B45CD127940ED100C6701D;
			productRefGroup = 27B45CDB27940ED100C6701D /* Products */;
			projectDirPath = "";
			projectRoot = "";
			targets = (
				27B45CD927940ED100C6701D /* pop_aqua */,
				27B45CE927940ED200C6701D /* pop_aquaTests */,
				27B45CF327940ED300C6701D /* pop_aquaUITests */,
			);
		};
/* End PBXProject section */

/* Begin PBXResourcesBuildPhase section */
		27B45CD827940ED100C6701D /* Resources */ = {
			isa = PBXResourcesBuildPhase;
			buildActionMask = 2147483647;
			files = (
				27B45CE527940ED200C6701D /* Preview Assets.xcassets in Resources */,
				27B45CE227940ED200C6701D /* Assets.xcassets in Resources */,
			);
			runOnlyForDeploymentPostprocessing = 0;
		};
		27B45CE827940ED200C6701D /* Resources */ = {
			isa = PBXResourcesBuildPhase;
			buildActionMask = 2147483647;
			files = (
			);
			runOnlyForDeploymentPostprocessing = 0;
		};
		27B45CF227940ED300C6701D /* Resources */ = {
			isa = PBXResourcesBuildPhase;
			buildActionMask = 2147483647;
			files = (
			);
			runOnlyForDeploymentPostprocessing = 0;
		};
/* End PBXResourcesBuildPhase section */

/* Begin PBXSourcesBuildPhase section */
		27B45CD627940ED100C6701D /* Sources */ = {
			isa = PBXSourcesBuildPhase;
			buildActionMask = 2147483647;
			files = (
				27B45CE027940ED100C6701D /* ContentView.swift in Sources */,
				27B45CDE27940ED100C6701D /* pop_aquaApp.swift in Sources */,
			);
			runOnlyForDeploymentPostprocessing = 0;
		};
		27B45CE627940ED200C6701D /* Sources */ = {
			isa = PBXSourcesBuildPhase;
			buildActionMask = 2147483647;
			files = (
				27B45CEF27940ED200C6701D /* pop_aquaTests.swift in Sources */,
			);
			runOnlyForDeploymentPostprocessing = 0;
		};
		27B45CF027940ED300C6701D /* Sources */ = {
			isa = PBXSourcesBuildPhase;
			buildActionMask = 2147483647;
			files = (
				27B45CFB27940ED300C6701D /* pop_aquaUITestsLaunchTests.swift in Sources */,
				27B45CF927940ED300C6701D /* pop_aquaUITests.swift in Sources */,
			);
			runOnlyForDeploymentPostprocessing = 0;
		};
/* End PBXSourcesBuildPhase section */

/* Begin PBXTargetDependency section */
		27B45CEC27940ED200C6701D /* PBXTargetDependency */ = {
			isa = PBXTargetDependency;
			target = 27B45CD927940ED100C6701D /* pop_aqua */;
			targetProxy = 27B45CEB27940ED200C6701D /* PBXContainerItemProxy */;
		};
		27B45CF627940ED300C6701D /* PBXTargetDependency */ = {
			isa = PBXTargetDependency;
			target = 27B45CD927940ED100C6701D /* pop_aqua */;
			targetProxy = 27B45CF527940ED300C6701D /* PBXContainerItemProxy */;
		};
/* End PBXTargetDependency section */

/* Begin XCBuildConfiguration section */
		27B45CFC27940ED300C6701D /* Debug */ = {
			isa = XCBuildConfiguration;
			buildSettings = {
				ALWAYS_SEARCH_USER_PATHS = NO;
				CLANG_ANALYZER_NONNULL = YES;
				CLANG_ANALYZER_NUMBER_OBJECT_CONVERSION = YES_AGGRESSIVE;
				CLANG_CXX_LANGUAGE_STANDARD = "gnu++17";
				CLANG_CXX_LIBRARY = "libc++";
				CLANG_ENABLE_MODULES = YES;
				CLANG_ENABLE_OBJC_ARC = YES;
				CLANG_ENABLE_OBJC_WEAK = YES;
				CLANG_WARN_BLOCK_CAPTURE_AUTORELEASING = YES;
				CLANG_WARN_BOOL_CONVERSION = YES;
				CLANG_WARN_COMMA = YES;
				CLANG_WARN_CONSTANT_CONVERSION = YES;
				CLANG_WARN_DEPRECATED_OBJC_IMPLEMENTATIONS = YES;
				CLANG_WARN_DIRECT_OBJC_ISA_USAGE = YES_ERROR;
				CLANG_WARN_DOCUMENTATION_COMMENTS = YES;
				CLANG_WARN_EMPTY_BODY = YES;
				CLANG_WARN_ENUM_CONVERSION = YES;
				CLANG_WARN_INFINITE_RECURSION = YES;
				CLANG_WARN_INT_CONVERSION = YES;
				CLANG_WARN_NON_LITERAL_NULL_CONVERSION = YES;
				CLANG_WARN_OBJC_IMPLICIT_RETAIN_SELF = YES;
				CLANG_WARN_OBJC_LITERAL_CONVERSION = YES;
				CLANG_WARN_OBJC_ROOT_CLASS = YES_ERROR;
				CLANG_WARN_QUOTED_INCLUDE_IN_FRAMEWORK_HEADER = YES;
				CLANG_WARN_RANGE_LOOP_ANALYSIS = YES;
				CLANG_WARN_STRICT_PROTOTYPES = YES;
				CLANG_WARN_SUSPICIOUS_MOVE = YES;
				CLANG_WARN_UNGUARDED_AVAILABILITY = YES_AGGRESSIVE;
				CLANG_WARN_UNREACHABLE_CODE = YES;
				CLANG_WARN__DUPLICATE_METHOD_MATCH = YES;
				COPY_PHASE_STRIP = NO;
				DEBUG_INFORMATION_FORMAT = dwarf;
				ENABLE_STRICT_OBJC_MSGSEND = YES;
				ENABLE_TESTABILITY = YES;
				GCC_C_LANGUAGE_STANDARD = gnu11;
				GCC_DYNAMIC_NO_PIC = NO;
				GCC_NO_COMMON_BLOCKS = YES;
				GCC_OPTIMIZATION_LEVEL = 0;
				GCC_PREPROCESSOR_DEFINITIONS = (
					"DEBUG=1",
					"$(inherited)",
				);
				GCC_WARN_64_TO_32_BIT_CONVERSION = YES;
				GCC_WARN_ABOUT_RETURN_TYPE = YES_ERROR;
				GCC_WARN_UNDECLARED_SELECTOR = YES;
				GCC_WARN_UNINITIALIZED_AUTOS = YES_AGGRESSIVE;
				GCC_WARN_UNUSED_FUNCTION = YES;
				GCC_WARN_UNUSED_VARIABLE = YES;
				IPHONEOS_DEPLOYMENT_TARGET = 15.2;
				MTL_ENABLE_DEBUG_INFO = INCLUDE_SOURCE;
				MTL_FAST_MATH = YES;
				ONLY_ACTIVE_ARCH = YES;
				SDKROOT = iphoneos;
				SWIFT_ACTIVE_COMPILATION_CONDITIONS = DEBUG;
				SWIFT_OPTIMIZATION_LEVEL = "-Onone";
			};
			name = Debug;
		};
		27B45CFD27940ED300C6701D /* Release */ = {
			isa = XCBuildConfiguration;
			buildSettings = {
				ALWAYS_SEARCH_USER_PATHS = NO;
				CLANG_ANALYZER_NONNULL = YES;
				CLANG_ANALYZER_NUMBER_OBJECT_CONVERSION = YES_AGGRESSIVE;
				CLANG_CXX_LANGUAGE_STANDARD = "gnu++17";
				CLANG_CXX_LIBRARY = "libc++";
				CLANG_ENABLE_MODULES = YES;
				CLANG_ENABLE_OBJC_ARC = YES;
				CLANG_ENABLE_OBJC_WEAK = YES;
				CLANG_WARN_BLOCK_CAPTURE_AUTORELEASING = YES;
				CLANG_WARN_BOOL_CONVERSION = YES;
				CLANG_WARN_COMMA = YES;
				CLANG_WARN_CONSTANT_CONVERSION = YES;
				CLANG_WARN_DEPRECATED_OBJC_IMPLEMENTATIONS = YES;
				CLANG_WARN_DIRECT_OBJC_ISA_USAGE = YES_ERROR;
				CLANG_WARN_DOCUMENTATION_COMMENTS = YES;
				CLANG_WARN_EMPTY_BODY = YES;
				CLANG_WARN_ENUM_CONVERSION = YES;
				CLANG_WARN_INFINITE_RECURSION = YES;
				CLANG_WARN_INT_CONVERSION = YES;
				CLANG_WARN_NON_LITERAL_NULL_CONVERSION = YES;
				CLANG_WARN_OBJC_IMPLICIT_RETAIN_SELF = YES;
				CLANG_WARN_OBJC_LITERAL_CONVERSION = YES;
				CLANG_WARN_OBJC_ROOT_CLASS = YES_ERROR;
				CLANG_WARN_QUOTED_INCLUDE_IN_FRAMEWORK_HEADER = YES;
				CLANG_WARN_RANGE_LOOP_ANALYSIS = YES;
				CLANG_WARN_STRICT_PROTOTYPES = YES;
				CLANG_WARN_SUSPICIOUS_MOVE = YES;
				CLANG_WARN_UNGUARDED_AVAILABILITY = YES_AGGRESSIVE;
				CLANG_WARN_UNREACHABLE_CODE = YES;
				CLANG_WARN__DUPLICATE_METHOD_MATCH = YES;
				COPY_PHASE_STRIP = NO;
				DEBUG_INFORMATION_FORMAT = "dwarf-with-dsym";
				ENABLE_NS_ASSERTIONS = NO;
				ENABLE_STRICT_OBJC_MSGSEND = YES;
				GCC_C_LANGUAGE_STANDARD = gnu11;
				GCC_NO_COMMON_BLOCKS = YES;
				GCC_WARN_64_TO_32_BIT_CONVERSION = YES;
				GCC_WARN_ABOUT_RETURN_TYPE = YES_ERROR;
				GCC_WARN_UNDECLARED_SELECTOR = YES;
				GCC_WARN_UNINITIALIZED_AUTOS = YES_AGGRESSIVE;
				GCC_WARN_UNUSED_FUNCTION = YES;
				GCC_WARN_UNUSED_VARIABLE = YES;
				IPHONEOS_DEPLOYMENT_TARGET = 15.2;
				MTL_ENABLE_DEBUG_INFO = NO;
				MTL_FAST_MATH = YES;
				SDKROOT = iphoneos;
				SWIFT_COMPILATION_MODE = wholemodule;
				SWIFT_OPTIMIZATION_LEVEL = "-O";
				VALIDATE_PRODUCT = YES;
			};
			name = Release;
		};
		27B45CFF27940ED300C6701D /* Debug */ = {
			isa = XCBuildConfiguration;
			buildSettings = {
				ASSETCATALOG_COMPILER_APPICON_NAME = AppIcon;
				ASSETCATALOG_COMPILER_GLOBAL_ACCENT_COLOR_NAME = AccentColor;
				CODE_SIGN_STYLE = Automatic;
				CURRENT_PROJECT_VERSION = 1;
				DEVELOPMENT_ASSET_PATHS = "\"pop_aqua/Preview Content\"";
				DEVELOPMENT_TEAM = D49K82F9RD;
				ENABLE_PREVIEWS = YES;
				GENERATE_INFOPLIST_FILE = YES;
				INFOPLIST_KEY_UIApplicationSceneManifest_Generation = YES;
				INFOPLIST_KEY_UIApplicationSupportsIndirectInputEvents = YES;
				INFOPLIST_KEY_UILaunchScreen_Generation = YES;
				INFOPLIST_KEY_UISupportedInterfaceOrientations_iPad = "UIInterfaceOrientationPortrait UIInterfaceOrientationPortraitUpsideDown UIInterfaceOrientationLandscapeLeft UIInterfaceOrientationLandscapeRight";
				INFOPLIST_KEY_UISupportedInterfaceOrientations_iPhone = "UIInterfaceOrientationPortrait UIInterfaceOrientationLandscapeLeft UIInterfaceOrientationLandscapeRight";
				LD_RUNPATH_SEARCH_PATHS = (
					"$(inherited)",
					"@executable_path/Frameworks",
				);
				MARKETING_VERSION = 1.0;
				PRODUCT_BUNDLE_IDENTIFIER = "example.pop-aqua";
				PRODUCT_NAME = "$(TARGET_NAME)";
				SWIFT_EMIT_LOC_STRINGS = YES;
				SWIFT_VERSION = 5.0;
				TARGETED_DEVICE_FAMILY = "1,2";
			};
			name = Debug;
		};
		27B45D0027940ED300C6701D /* Release */ = {
			isa = XCBuildConfiguration;
			buildSettings = {
				ASSETCATALOG_COMPILER_APPICON_NAME = AppIcon;
				ASSETCATALOG_COMPILER_GLOBAL_ACCENT_COLOR_NAME = AccentColor;
				CODE_SIGN_STYLE = Automatic;
				CURRENT_PROJECT_VERSION = 1;
				DEVELOPMENT_ASSET_PATHS = "\"pop_aqua/Preview Content\"";
				DEVELOPMENT_TEAM = D49K82F9RD;
				ENABLE_PREVIEWS = YES;
				GENERATE_INFOPLIST_FILE = YES;
				INFOPLIST_KEY_UIApplicationSceneManifest_Generation = YES;
				INFOPLIST_KEY_UIApplicationSupportsIndirectInputEvents = YES;
				INFOPLIST_KEY_UILaunchScreen_Generation = YES;
				INFOPLIST_KEY_UISupportedInterfaceOrientations_iPad = "UIInterfaceOrientationPortrait UIInterfaceOrientationPortraitUpsideDown UIInterfaceOrientationLandscapeLeft UIInterfaceOrientationLandscapeRight";
				INFOPLIST_KEY_UISupportedInterfaceOrientations_iPhone = "UIInterfaceOrientationPortrait UIInterfaceOrientationLandscapeLeft UIInterfaceOrientationLandscapeRight";
				LD_RUNPATH_SEARCH_PATHS = (
					"$(inherited)",
					"@executable_path/Frameworks",
				);
				MARKETING_VERSION = 1.0;
				PRODUCT_BUNDLE_IDENTIFIER = "example.pop-aqua";
				PRODUCT_NAME = "$(TARGET_NAME)";
				SWIFT_EMIT_LOC_STRINGS = YES;
				SWIFT_VERSION = 5.0;
				TARGETED_DEVICE_FAMILY = "1,2";
			};
			name = Release;
		};
		27B45D0227940ED300C6701D /* Debug */ = {
			isa = XCBuildConfiguration;
			buildSettings = {
				ALWAYS_EMBED_SWIFT_STANDARD_LIBRARIES = YES;
				BUNDLE_LOADER = "$(TEST_HOST)";
				CODE_SIGN_STYLE = Automatic;
				CURRENT_PROJECT_VERSION = 1;
				DEVELOPMENT_TEAM = D49K82F9RD;
				GENERATE_INFOPLIST_FILE = YES;
				IPHONEOS_DEPLOYMENT_TARGET = 15.2;
				MARKETING_VERSION = 1.0;
				PRODUCT_BUNDLE_IDENTIFIER = "example.pop-aquaTests";
				PRODUCT_NAME = "$(TARGET_NAME)";
				SWIFT_EMIT_LOC_STRINGS = NO;
				SWIFT_VERSION = 5.0;
				TARGETED_DEVICE_FAMILY = "1,2";
				TEST_HOST = "$(BUILT_PRODUCTS_DIR)/pop_aqua.app/pop_aqua";
			};
			name = Debug;
		};
		27B45D0327940ED300C6701D /* Release */ = {
			isa = XCBuildConfiguration;
			buildSettings = {
				ALWAYS_EMBED_SWIFT_STANDARD_LIBRARIES = YES;
				BUNDLE_LOADER = "$(TEST_HOST)";
				CODE_SIGN_STYLE = Automatic;
				CURRENT_PROJECT_VERSION = 1;
				DEVELOPMENT_TEAM = D49K82F9RD;
				GENERATE_INFOPLIST_FILE = YES;
				IPHONEOS_DEPLOYMENT_TARGET = 15.2;
				MARKETING_VERSION = 1.0;
				PRODUCT_BUNDLE_IDENTIFIER = "example.pop-aquaTests";
				PRODUCT_NAME = "$(TARGET_NAME)";
				SWIFT_EMIT_LOC_STRINGS = NO;
				SWIFT_VERSION = 5.0;
				TARGETED_DEVICE_FAMILY = "1,2";
				TEST_HOST = "$(BUILT_PRODUCTS_DIR)/pop_aqua.app/pop_aqua";
			};
			name = Release;
		};
		27B45D0527940ED300C6701D /* Debug */ = {
			isa = XCBuildConfiguration;
			buildSettings = {
				ALWAYS_EMBED_SWIFT_STANDARD_LIBRARIES = YES;
				CODE_SIGN_STYLE = Automatic;
				CURRENT_PROJECT_VERSION = 1;
				DEVELOPMENT_TEAM = D49K82F9RD;
				GENERATE_INFOPLIST_FILE = YES;
				MARKETING_VERSION = 1.0;
				PRODUCT_BUNDLE_IDENTIFIER = "example.pop-aquaUITests";
				PRODUCT_NAME = "$(TARGET_NAME)";
				SWIFT_EMIT_LOC_STRINGS = NO;
				SWIFT_VERSION = 5.0;
				TARGETED_DEVICE_FAMILY = "1,2";
				TEST_TARGET_NAME = pop_aqua;
			};
			name = Debug;
		};
		27B45D0627940ED300C6701D /* Release */ = {
			isa = XCBuildConfiguration;
			buildSettings = {
				ALWAYS_EMBED_SWIFT_STANDARD_LIBRARIES = YES;
				CODE_SIGN_STYLE = Automatic;
				CURRENT_PROJECT_VERSION = 1;
				DEVELOPMENT_TEAM = D49K82F9RD;
				GENERATE_INFOPLIST_FILE = YES;
				MARKETING_VERSION = 1.0;
				PRODUCT_BUNDLE_IDENTIFIER = "example.pop-aquaUITests";
				PRODUCT_NAME = "$(TARGET_NAME)";
				SWIFT_EMIT_LOC_STRINGS = NO;
				SWIFT_VERSION = 5.0;
				TARGETED_DEVICE_FAMILY = "1,2";
				TEST_TARGET_NAME = pop_aqua;
			};
			name = Release;
		};
/* End XCBuildConfiguration section */

/* Begin XCConfigurationList section */
		27B45CD527940ED100C6701D /* Build configuration list for PBXProject "pop_aqua" */ = {
			isa = XCConfigurationList;
			buildConfigurations = (
				27B45CFC27940ED300C6701D /* Debug */,
				27B45CFD27940ED300C6701D /* Release */,
			);
			defaultConfigurationIsVisible = 0;
			defaultConfigurationName = Release;
		};
		27B45CFE27940ED300C6701D /* Build configuration list for PBXNativeTarget "pop_aqua" */ = {
			isa = XCConfigurationList;
			buildConfigurations = (
				27B45CFF27940ED300C6701D /* Debug */,
				27B45D0027940ED300C6701D /* Release */,
			);
			defaultConfigurationIsVisible = 0;
			defaultConfigurationName = Release;
		};
		27B45D0127940ED300C6701D /* Build configuration list for PBXNativeTarget "pop_aquaTests" */ = {
			isa = XCConfigurationList;
			buildConfigurations = (
				27B45D0227940ED300C6701D /* Debug */,
				27B45D0327940ED300C6701D /* Release */,
			);
			defaultConfigurationIsVisible = 0;
			defaultConfigurationName = Release;
		};
		27B45D0427940ED300C6701D /* Build configuration list for PBXNativeTarget "pop_aquaUITests" */ = {
			isa = XCConfigurationList;
			buildConfigurations = (
				27B45D0527940ED300C6701D /* Debug */,
				27B45D0627940ED300C6701D /* Release */,
			);
			defaultConfigurationIsVisible = 0;
			defaultConfigurationName = Release;
		};
/* End XCConfigurationList section */
	};
	rootObject = 27B45CD227940ED100C6701D /* Project object */;
}
